version = 1
revision = 3
requires-python = ">=3.10"

[[package]]
name = "click"
version = "8.3.1"
source = { registry = "https://pypi.org/simple" }
dependencies = [
    { name = "colorama", marker = "sys_platform == 'win32'" },
]
sdist = { url = "https://files.pythonhosted.org/packages/3d/fa/656b739db8587d7b5dfa22e22ed02566950fbfbcdc20311993483657a5c0/click-8.3.1.tar.gz", hash = "sha256:12ff4785d337a1bb490bb7e9c2b1ee5da3112e94a8622f26a6c77f5d2fc6842a", size = 295065, upload-time = "2025-11-15T20:45:42.706Z" }
wheels = [
    { url = "https://files.pythonhosted.org/packages/98/78/01c019cdb5d6498122777c1a43056ebb3ebfeef2076d9d026bfe15583b2b/click-8.3.1-py3-none-any.whl", hash = "sha256:981153a64e25f12d547d3426c367a4857371575ee7ad18df2a6183ab0545b2a6", size = 108274, upload-time = "2025-11-15T20:45:41.139Z" },
]

[[package]]
name = "colorama"
version = "0.4.6"
source = { registry = "https://pypi.org/simple" }
sdist = { url = "https://files.pythonhosted.org/packages/d8/53/6f443c9a4a8358a93a6792e2acffb9d9d5cb0a5cfd8802644b7b1c9a02e4/colorama-0.4.6.tar.gz", hash = "sha256:08695f5cb7ed6e0531a20572697297273c47b8cae5a63ffc6d6ed5c201be6e44", size = 27697, upload-time = "2022-10-25T02:36:22.414Z" }
wheels = [
    { url = "https://files.pythonhosted.org/packages/d1/d6/3965ed04c63042e047cb6a3e6ed1a63a35087b6a609aa3a15ed8ac56c221/colorama-0.4.6-py2.py3-none-any.whl", hash = "sha256:4f1d9991f5acc0ca119f9d443620b77f9d6b33703e51011c16baf57afb285fc6", size = 25335, upload-time = "2022-10-25T02:36:20.889Z" },
]

[[package]]
name = "orjson"
version = "3.11.5"
source = { registry = "https://pypi.org/simple" }
sdist = { url = "https://files.pythonhosted.org/packages/04/b8/333fdb27840f3bf04022d21b654a35f58e15407183aeb16f3b41aa053446/orjson-3.11.5.tar.gz", hash = "sha256:82393ab47b4fe44ffd0a7659fa9cfaacc717eb617c93cde83795f14af5c2e9d5", size = 5972347, upload-time = "2025-12-06T15:55:39.458Z" }
wheels = [
    { url = "https://files.pythonhosted.org/packages/79/19/b22cf9dad4db20c8737041046054cbd4f38bb5a2d0e4bb60487832ce3d76/orjson-3.11.5-cp310-cp310-macosx_10_15_x86_64.macosx_11_0_arm64.macosx_10_15_universal2.whl", hash = "sha256:df9eadb2a6386d5ea2bfd81309c505e125cfc9ba2b1b99a97e60985b0b3665d1", size = 245719, upload-time = "2025-12-06T15:53:43.877Z" },
    { url = "https://files.pythonhosted.org/packages/03/2e/b136dd6bf30ef5143fbe76a4c142828b55ccc618be490201e9073ad954a1/orjson-3.11.5-cp310-cp310-manylinux_2_17_aarch64.manylinux2014_aarch64.whl", hash = "sha256:ccc70da619744467d8f1f49a8cadae5ec7bbe054e5232d95f92ed8737f8c5870", size = 132467, upload-time = "2025-12-06T15:53:45.379Z" },
    { url = "https://files.pythonhosted.org/packages/ae/fc/ae99bfc1e1887d20a0268f0e2686eb5b13d0ea7bbe01de2b566febcd2130/orjson-3.11.5-cp310-cp310-manylinux_2_17_armv7l.manylinux2014_armv7l.whl", hash = "sha256:073aab025294c2f6fc0807201c76fdaed86f8fc4be52c440fb78fbb759a1ac09", size = 130702, upload-time = "2025-12-06T15:53:46.659Z" },
    { url = "https://files.pythonhosted.org/packages/6e/43/ef7912144097765997170aca59249725c3ab8ef6079f93f9d708dd058df5/orjson-3.11.5-cp310-cp310-manylinux_2_17_i686.manylinux2014_i686.whl", hash = "sha256:835f26fa24ba0bb8c53ae2a9328d1706135b74ec653ed933869b74b6909e63fd", size = 135907, upload-time = "2025-12-06T15:53:48.487Z" },
    { url = "https://files.pythonhosted.org/packages/3f/da/24d50e2d7f4092ddd4d784e37a3fa41f22ce8ed97abc9edd222901a96e74/orjson-3.11.5-cp310-cp310-manylinux_2_17_ppc64le.manylinux2014_ppc64le.whl", hash = "sha256:667c132f1f3651c14522a119e4dd631fad98761fa960c55e8e7430bb2a1ba4ac", size = 139935, upload-time = "2025-12-06T15:53:49.88Z" },
    { url = "https://files.pythonhosted.org/packages/02/4a/b4cb6fcbfff5b95a3a019a8648255a0fac9b221fbf6b6e72be8df2361feb/orjson-3.11.5-cp310-cp310-manylinux_2_17_s390x.manylinux2014_s390x.whl", hash = "sha256:42e8961196af655bb5e63ce6c60d25e8798cd4dfbc04f4203457fa3869322c2e", size = 137541, upload-time = "2025-12-06T15:53:51.226Z" },
    { url = "https://files.pythonhosted.org/packages/a5/99/a11bd129f18c2377c27b2846a9d9be04acec981f770d711ba0aaea563984/orjson-3.11.5-cp310-cp310-manylinux_2_17_x86_64.manylinux2014_x86_64.whl", hash = "sha256:75412ca06e20904c19170f8a24486c4e6c7887dea591ba18a1ab572f1300ee9f", size = 139031, upload-time = "2025-12-06T15:53:52.309Z" },
    { url = "https://files.pythonhosted.org/packages/64/29/d7b77d7911574733a036bb3e8ad7053ceb2b7d6ea42208b9dbc55b23b9ed/orjson-3.11.5-cp310-cp310-musllinux_1_2_aarch64.whl", hash = "sha256:6af8680328c69e15324b5af3ae38abbfcf9cbec37b5346ebfd52339c3d7e8a18", size = 141622, upload-time = "2025-12-06T15:53:53.606Z" },
    { url = "https://files.pythonhosted.org/packages/93/41/332db96c1de76b2feda4f453e91c27202cd092835936ce2b70828212f726/orjson-3.11.5-cp310-cp310-musllinux_1_2_armv7l.whl", hash = "sha256:a86fe4ff4ea523eac8f4b57fdac319faf037d3c1be12405e6a7e86b3fbc4756a", size = 413800, upload-time = "2025-12-06T15:53:54.866Z" },
    { url = "https://files.pythonhosted.org/packages/76/e1/5a0d148dd1f89ad2f9651df67835b209ab7fcb1118658cf353425d7563e9/orjson-3.11.5-cp310-cp310-musllinux_1_2_i686.whl", hash = "sha256:e607b49b1a106ee2086633167033afbd63f76f2999e9236f638b06b112b24ea7", size = 151198, upload-time = "2025-12-06T15:53:56.383Z" },
    { url = "https://files.pythonhosted.org/packages/0d/96/8db67430d317a01ae5cf7971914f6775affdcfe99f5bff9ef3da32492ecc/orjson-3.11.5-cp310-cp310-musllinux_1_2_x86_64.whl", hash = "sha256:7339f41c244d0eea251637727f016b3d20050636695bc78345cce9029b189401", size = 141984, upload-time = "2025-12-06T15:53:57.746Z" },
    { url = "https://files.pythonhosted.org/packages/71/49/40d21e1aa1ac569e521069228bb29c9b5a350344ccf922a0227d93c2ed44/orjson-3.11.5-cp310-cp310-win32.whl", hash = "sha256:8be318da8413cdbbce77b8c5fac8d13f6eb0f0db41b30bb598631412619572e8", size = 135272, upload-time = "2025-12-06T15:53:59.769Z" },
    { url = "https://files.pythonhosted.org/packages/c4/7e/d0e31e78be0c100e08be64f48d2850b23bcb4d4c70d114f4e43b39f6895a/orjson-3.11.5-cp310-cp310-win_amd64.whl", hash = "sha256:b9f86d69ae822cabc2a0f6c099b43e8733dda788405cba2665595b7e8dd8d167", size = 133360, upload-time = "2025-12-06T15:54:01.25Z" },
    { url = "https://files.pythonhosted.org/packages/fd/68/6b3659daec3a81aed5ab47700adb1a577c76a5452d35b91c88efee89987f/orjson-3.11.5-cp311-cp311-macosx_10_15_x86_64.macosx_11_0_arm64.macosx_10_15_universal2.whl", hash = "sha256:9c8494625ad60a923af6b2b0bd74107146efe9b55099e20d7740d995f338fcd8", size = 245318, upload-time = "2025-12-06T15:54:02.355Z" },
    { url = "https://files.pythonhosted.org/packages/e9/00/92db122261425f61803ccf0830699ea5567439d966cbc35856fe711bfe6b/orjson-3.11.5-cp311-cp311-macosx_15_0_arm64.whl", hash = "sha256:7bb2ce0b82bc9fd1168a513ddae7a857994b780b2945a8c51db4ab1c4b751ebc", size = 129491, upload-time = "2025-12-06T15:54:03.877Z" },
    { url = "https://files.pythonhosted.org/packages/94/4f/ffdcb18356518809d944e1e1f77589845c278a1ebbb5a8297dfefcc4b4cb/orjson-3.11.5-cp311-cp311-manylinux_2_17_aarch64.manylinux2014_aarch64.whl", hash = "sha256:67394d3becd50b954c4ecd24ac90b5051ee7c903d167459f93e77fc6f5b4c968", size = 132167, upload-time = "2025-12-06T15:54:04.944Z" },
    { url = "https://files.pythonhosted.org/packages/97/c6/0a8caff96f4503f4f7dd44e40e90f4d14acf80d3b7a97cb88747bb712d3e/orjson-3.11.5-cp311-cp311-manylinux_2_17_armv7l.manylinux2014_armv7l.whl", hash = "sha256:298d2451f375e5f17b897794bcc3e7b821c0f32b4788b9bcae47ada24d7f3cf7", size = 130516, upload-time = "2025-12-06T15:54:06.274Z" },
    { url = "https://files.pythonhosted.org/packages/4d/63/43d4dc9bd9954bff7052f700fdb501067f6fb134a003ddcea2a0bb3854ed/orjson-3.11.5-cp311-cp311-manylinux_2_17_i686.manylinux2014_i686.whl", hash = "sha256:aa5e4244063db8e1d87e0f54c3f7522f14b2dc937e65d5241ef0076a096409fd", size = 135695, upload-time = "2025-12-06T15:54:07.702Z" },
    { url = "https://files.pythonhosted.org/packages/87/6f/27e2e76d110919cb7fcb72b26166ee676480a701bcf8fc53ac5d0edce32f/orjson-3.11.5-cp311-cp311-manylinux_2_17_ppc64le.manylinux2014_ppc64le.whl", hash = "sha256:1db2088b490761976c1b2e956d5d4e6409f3732e9d79cfa69f876c5248d1baf9", size = 139664, upload-time = "2025-12-06T15:54:08.828Z" },
    { url = "https://files.pythonhosted.org/packages/d4/f8/5966153a5f1be49b5fbb8ca619a529fde7bc71aa0a376f2bb83fed248bcd/orjson-3.11.5-cp311-cp311-manylinux_2_17_s390x.manylinux2014_s390x.whl", hash = "sha256:c2ed66358f32c24e10ceea518e16eb3549e34f33a9d51f99ce23b0251776a1ef", size = 137289, upload-time = "2025-12-06T15:54:09.898Z" },
    { url = "https://files.pythonhosted.org/packages/a7/34/8acb12ff0299385c8bbcbb19fbe40030f23f15a6de57a9c587ebf71483fb/orjson-3.11.5-cp311-cp311-manylinux_2_17_x86_64.manylinux2014_x86_64.whl", hash = "sha256:c2021afda46c1ed64d74b555065dbd4c2558d510d8cec5ea6a53001b3e5e82a9", size = 138784, upload-time = "2025-12-06T15:54:11.022Z" },
    { url = "https://files.pythonhosted.org/packages/ee/27/910421ea6e34a527f73d8f4ee7bdffa48357ff79c7b8d6eb6f7b82dd1176/orjson-3.11.5-cp311-cp311-musllinux_1_2_aarch64.whl", hash = "sha256:b42ffbed9128e547a1647a3e50bc88ab28ae9daa61713962e0d3dd35e820c125", size = 141322, upload-time = "2025-12-06T15:54:12.427Z" },
    { url = "https://files.pythonhosted.org/packages/87/a3/4b703edd1a05555d4bb1753d6ce44e1a05b7a6d7c164d5b332c795c63d70/orjson-3.11.5-cp311-cp311-musllinux_1_2_armv7l.whl", hash = "sha256:8d5f16195bb671a5dd3d1dbea758918bada8f6cc27de72bd64adfbd748770814", size = 413612, upload-time = "2025-12-06T15:54:13.858Z" },
    { url = "https://files.pythonhosted.org/packages/1b/36/034177f11d7eeea16d3d2c42a1883b0373978e08bc9dad387f5074c786d8/orjson-3.11.5-cp311-cp311-musllinux_1_2_i686.whl", hash = "sha256:c0e5d9f7a0227df2927d343a6e3859bebf9208b427c79bd31949abcc2fa32fa5", size = 150993, upload-time = "2025-12-06T15:54:15.189Z" },
    { url = "https://files.pythonhosted.org/packages/44/2f/ea8b24ee046a50a7d141c0227c4496b1180b215e728e3b640684f0ea448d/orjson-3.11.5-cp311-cp311-musllinux_1_2_x86_64.whl", hash = "sha256:23d04c4543e78f724c4dfe656b3791b5f98e4c9253e13b2636f1af5d90e4a880", size = 141774, upload-time = "2025-12-06T15:54:16.451Z" },
    { url = "https://files.pythonhosted.org/packages/8a/12/cc440554bf8200eb23348a5744a575a342497b65261cd65ef3b28332510a/orjson-3.11.5-cp311-cp311-win32.whl", hash = "sha256:c404603df4865f8e0afe981aa3c4b62b406e6d06049564d58934860b62b7f91d", size = 135109, upload-time = "2025-12-06T15:54:17.73Z" },
    { url = "https://files.pythonhosted.org/packages/a3/83/e0c5aa06ba73a6760134b169f11fb970caa1525fa4461f94d76e692299d9/orjson-3.11.5-cp311-cp311-win_amd64.whl", hash = "sha256:9645ef655735a74da4990c24ffbd6894828fbfa117bc97c1edd98c282ecb52e1", size = 133193, upload-time = "2025-12-06T15:54:19.426Z" },
    { url = "https://files.pythonhosted.org/packages/cb/35/5b77eaebc60d735e832c5b1a20b155667645d123f09d471db0a78280fb49/orjson-3.11.5-cp311-cp311-win_arm64.whl", hash = "sha256:1cbf2735722623fcdee8e712cbaaab9e372bbcb0c7924ad711b261c2eccf4a5c", size = 126830, upload-time = "2025-12-06T15:54:20.836Z" },
    { url = "https://files.pythonhosted.org/packages/ef/a4/8052a029029b096a78955eadd68ab594ce2197e24ec50e6b6d2ab3f4e33b/orjson-3.11.5-cp312-cp312-macosx_10_15_x86_64.macosx_11_0_arm64.macosx_10_15_universal2.whl", hash = "sha256:334e5b4bff9ad101237c2d799d9fd45737752929753bf4faf4b207335a416b7d", size = 245347, upload-time = "2025-12-06T15:54:22.061Z" },
    { url = "https://files.pythonhosted.org/packages/64/67/574a7732bd9d9d79ac620c8790b4cfe0717a3d5a6eb2b539e6e8995e24a0/orjson-3.11.5-cp312-cp312-macosx_15_0_arm64.whl", hash = "sha256:ff770589960a86eae279f5d8aa536196ebda8273a2a07db2a54e82b93bc86626", size = 129435, upload-time = "2025-12-06T15:54:23.615Z" },
    { url = "https://files.pythonhosted.org/packages/52/8d/544e77d7a29d90cf4d9eecd0ae801c688e7f3d1adfa2ebae5e1e94d38ab9/orjson-3.11.5-cp312-cp312-manylinux_2_17_aarch64.manylinux2014_aarch64.whl", hash = "sha256:ed24250e55efbcb0b35bed7caaec8cedf858ab2f9f2201f17b8938c618c8ca6f", size = 132074, upload-time = "2025-12-06T15:54:24.694Z" },
    { url = "https://files.pythonhosted.org/packages/6e/57/b9f5b5b6fbff9c26f77e785baf56ae8460ef74acdb3eae4931c25b8f5ba9/orjson-3.11.5-cp312-cp312-manylinux_2_17_armv7l.manylinux2014_armv7l.whl", hash = "sha256:a66d7769e98a08a12a139049aac2f0ca3adae989817f8c43337455fbc7669b85", size = 130520, upload-time = "2025-12-06T15:54:26.185Z" },
    { url = "https://files.pythonhosted.org/packages/f6/6d/d34970bf9eb33f9ec7c979a262cad86076814859e54eb9a059a52f6dc13d/orjson-3.11.5-cp312-cp312-manylinux_2_17_i686.manylinux2014_i686.whl", hash = "sha256:86cfc555bfd5794d24c6a1903e558b50644e5e68e6471d66502ce5cb5fdef3f9", size = 136209, upload-time = "2025-12-06T15:54:27.264Z" },
    { url = "https://files.pythonhosted.org/packages/e7/39/bc373b63cc0e117a105ea12e57280f83ae52fdee426890d57412432d63b3/orjson-3.11.5-cp312-cp312-manylinux_2_17_ppc64le.manylinux2014_ppc64le.whl", hash = "sha256:a230065027bc2a025e944f9d4714976a81e7ecfa940923283bca7bbc1f10f626", size = 139837, upload-time = "2025-12-06T15:54:28.75Z" },
    { url = "https://files.pythonhosted.org/packages/cb/aa/7c4818c8d7d324da220f4f1af55c343956003aa4d1ce1857bdc1d396ba69/orjson-3.11.5-cp312-cp312-manylinux_2_17_s390x.manylinux2014_s390x.whl", hash = "sha256:b29d36b60e606df01959c4b982729c8845c69d1963f88686608be9ced96dbfaa", size = 137307, upload-time = "2025-12-06T15:54:29.856Z" },
    { url = "https://files.pythonhosted.org/packages/46/bf/0993b5a056759ba65145effe3a79dd5a939d4a070eaa5da2ee3180fbb13f/orjson-3.11.5-cp312-cp312-manylinux_2_17_x86_64.manylinux2014_x86_64.whl", hash = "sha256:c74099c6b230d4261fdc3169d50efc09abf38ace1a42ea2f9994b1d79153d477", size = 139020, upload-time = "2025-12-06T15:54:31.024Z" },
    { url = "https://files.pythonhosted.org/packages/65/e8/83a6c95db3039e504eda60fc388f9faedbb4f6472f5aba7084e06552d9aa/orjson-3.11.5-cp312-cp312-musllinux_1_2_aarch64.whl", hash = "sha256:e697d06ad57dd0c7a737771d470eedc18e68dfdefcdd3b7de7f33dfda5b6212e", size = 141099, upload-time = "2025-12-06T15:54:32.196Z" },
    { url = "https://files.pythonhosted.org/packages/b9/b4/24fdc024abfce31c2f6812973b0a693688037ece5dc64b7a60c1ce69e2f2/orjson-3.11.5-cp312-cp312-musllinux_1_2_armv7l.whl", hash = "sha256:e08ca8a6c851e95aaecc32bc44a5aa75d0ad26af8cdac7c77e4ed93acf3d5b69", size = 413540, upload-time = "2025-12-06T15:54:33.361Z" },
    { url = "https://files.pythonhosted.org/packages/d9/37/01c0ec95d55ed0c11e4cae3e10427e479bba40c77312b63e1f9665e0737d/orjson-3.11.5-cp312-cp312-musllinux_1_2_i686.whl", hash = "sha256:e8b5f96c05fce7d0218df3fdfeb962d6b8cfff7e3e20264306b46dd8b217c0f3", size = 151530, upload-time = "2025-12-06T15:54:34.6Z" },
    { url = "https://files.pythonhosted.org/packages/f9/d4/f9ebc57182705bb4bbe63f5bbe14af43722a2533135e1d2fb7affa0c355d/orjson-3.11.5-cp312-cp312-musllinux_1_2_x86_64.whl", hash = "sha256:ddbfdb5099b3e6ba6d6ea818f61997bb66de14b411357d24c4612cf1ebad08ca", size = 141863, upload-time = "2025-12-06T15:54:35.801Z" },
    { url = "https://files.pythonhosted.org/packages/0d/04/02102b8d19fdcb009d72d622bb5781e8f3fae1646bf3e18c53d1bc8115b5/orjson-3.11.5-cp312-cp312-win32.whl", hash = "sha256:9172578c4eb09dbfcf1657d43198de59b6cef4054de385365060ed50c458ac98", size = 135255, upload-time = "2025-12-06T15:54:37.209Z" },
    { url = "https://files.pythonhosted.org/packages/d4/fb/f05646c43d5450492cb387de5549f6de90a71001682c17882d9f66476af5/orjson-3.11.5-cp312-cp312-win_amd64.whl", hash = "sha256:2b91126e7b470ff2e75746f6f6ee32b9ab67b7a93c8ba1d15d3a0caaf16ec875", size = 133252, upload-time = "2025-12-06T15:54:38.401Z" },
    { url = "https://files.pythonhosted.org/packages/dc/a6/7b8c0b26ba18c793533ac1cd145e131e46fcf43952aa94c109b5b913c1f0/orjson-3.11.5-cp312-cp312-win_arm64.whl", hash = "sha256:acbc5fac7e06777555b0722b8ad5f574739e99ffe99467ed63da98f97f9ca0fe", size = 126777, upload-time = "2025-12-06T15:54:39.515Z" },
    { url = "https://files.pythonhosted.org/packages/10/43/61a77040ce59f1569edf38f0b9faadc90c8cf7e9bec2e0df51d0132c6bb7/orjson-3.11.5-cp313-cp313-macosx_10_15_x86_64.macosx_11_0_arm64.macosx_10_15_universal2.whl", hash = "sha256:3b01799262081a4c47c035dd77c1301d40f568f77cc7ec1bb7db5d63b0a01629", size = 245271, upload-time = "2025-12-06T15:54:40.878Z" },
    { url = "https://files.pythonhosted.org/packages/55/f9/0f79be617388227866d50edd2fd320cb8fb94dc1501184bb1620981a0aba/orjson-3.11.5-cp313-cp313-macosx_15_0_arm64.whl", hash = "sha256:61de247948108484779f57a9f406e4c84d636fa5a59e411e6352484985e8a7c3", size = 129422, upload-time = "2025-12-06T15:54:42.403Z" },
    { url = "https://files.pythonhosted.org/packages/77/42/f1bf1549b432d4a78bfa95735b79b5dac75b65b5bb815bba86ad406ead0a/orjson-3.11.5-cp313-cp313-manylinux_2_17_aarch64.manylinux2014_aarch64.whl", hash = "sha256:894aea2e63d4f24a7f04a1908307c738d0dce992e9249e744b8f4e8dd9197f39", size = 132060, upload-time = "2025-12-06T15:54:43.531Z" },
    { url = "https://files.pythonhosted.org/packages/25/49/825aa6b929f1a6ed244c78acd7b22c1481fd7e5fda047dc8bf4c1a807eb6/orjson-3.11.5-cp313-cp313-manylinux_2_17_armv7l.manylinux2014_armv7l.whl", hash = "sha256:ddc21521598dbe369d83d4d40338e23d4101dad21dae0e79fa20465dbace019f", size = 130391, upload-time = "2025-12-06T15:54:45.059Z" },
    { url = "https://files.pythonhosted.org/packages/42/ec/de55391858b49e16e1aa8f0bbbb7e5997b7345d8e984a2dec3746d13065b/orjson-3.11.5-cp313-cp313-manylinux_2_17_i686.manylinux2014_i686.whl", hash = "sha256:7cce16ae2f5fb2c53c3eafdd1706cb7b6530a67cc1c17abe8ec747f5cd7c0c51", size = 135964, upload-time = "2025-12-06T15:54:46.576Z" },
    { url = "https://files.pythonhosted.org/packages/1c/40/820bc63121d2d28818556a2d0a09384a9f0262407cf9fa305e091a8048df/orjson-3.11.5-cp313-cp313-manylinux_2_17_ppc64le.manylinux2014_ppc64le.whl", hash = "sha256:e46c762d9f0e1cfb4ccc8515de7f349abbc95b59cb5a2bd68df5973fdef913f8", size = 139817, upload-time = "2025-12-06T15:54:48.084Z" },
    { url = "https://files.pythonhosted.org/packages/09/c7/3a445ca9a84a0d59d26365fd8898ff52bdfcdcb825bcc6519830371d2364/orjson-3.11.5-cp313-cp313-manylinux_2_17_s390x.manylinux2014_s390x.whl", hash = "sha256:d7345c759276b798ccd6d77a87136029e71e66a8bbf2d2755cbdde1d82e78706", size = 137336, upload-time = "2025-12-06T15:54:49.426Z" },
    { url = "https://files.pythonhosted.org/packages/9a/b3/dc0d3771f2e5d1f13368f56b339c6782f955c6a20b50465a91acb79fe961/orjson-3.11.5-cp313-cp313-manylinux_2_17_x86_64.manylinux2014_x86_64.whl", hash = "sha256:75bc2e59e6a2ac1dd28901d07115abdebc4563b5b07dd612bf64260a201b1c7f", size = 138993, upload-time = "2025-12-06T15:54:50.939Z" },
    { url = "https://files.pythonhosted.org/packages/d1/a2/65267e959de6abe23444659b6e19c888f242bf7725ff927e2292776f6b89/orjson-3.11.5-cp313-cp313-musllinux_1_2_aarch64.whl", hash = "sha256:54aae9b654554c3b4edd61896b978568c6daa16af96fa4681c9b5babd469f863", size = 141070, upload-time = "2025-12-06T15:54:52.414Z" },
    { url = "https://files.pythonhosted.org/packages/63/c9/da44a321b288727a322c6ab17e1754195708786a04f4f9d2220a5076a649/orjson-3.11.5-cp313-cp313-musllinux_1_2_armv7l.whl", hash = "sha256:4bdd8d164a871c4ec773f9de0f6fe8769c2d6727879c37a9666ba4183b7f8228", size = 413505, upload-time = "2025-12-06T15:54:53.67Z" },
    { url = "https://files.pythonhosted.org/packages/7f/17/68dc14fa7000eefb3d4d6d7326a190c99bb65e319f02747ef3ebf2452f12/orjson-3.11.5-cp313-cp313-musllinux_1_2_i686.whl", hash = "sha256:a261fef929bcf98a60713bf5e95ad067cea16ae345d9a35034e73c3990e927d2", size = 151342, upload-time = "2025-12-06T15:54:55.113Z" },
    { url = "https://files.pythonhosted.org/packages/c4/c5/ccee774b67225bed630a57478529fc026eda33d94fe4c0eac8fe58d4aa52/orjson-3.11.5-cp313-cp313-musllinux_1_2_x86_64.whl", hash = "sha256:c028a394c766693c5c9909dec76b24f37e6a1b91999e8d0c0d5feecbe93c3e05", size = 141823, upload-time = "2025-12-06T15:54:56.331Z" },
    { url = "https://files.pythonhosted.org/packages/67/80/5d00e4155d0cd7390ae2087130637671da713959bb558db9bac5e6f6b042/orjson-3.11.5-cp313-cp313-win32.whl", hash = "sha256:2cc79aaad1dfabe1bd2d50ee09814a1253164b3da4c00a78c458d82d04b3bdef", size = 135236, upload-time = "2025-12-06T15:54:57.507Z" },
    { url = "https://files.pythonhosted.org/packages/95/fe/792cc06a84808dbdc20ac6eab6811c53091b42f8e51ecebf14b540e9cfe4/orjson-3.11.5-cp313-cp313-win_amd64.whl", hash = "sha256:ff7877d376add4e16b274e35a3f58b7f37b362abf4aa31863dadacdd20e3a583", size = 133167, upload-time = "2025-12-06T15:54:58.71Z" },
    { url = "https://files.pythonhosted.org/packages/46/2c/d158bd8b50e3b1cfdcf406a7e463f6ffe3f0d167b99634717acdaf5e299f/orjson-3.11.5-cp313-cp313-win_arm64.whl", hash = "sha256:59ac72ea775c88b163ba8d21b0177628bd015c5dd060647bbab6e22da3aad287", size = 126712, upload-time = "2025-12-06T15:54:59.892Z" },
    { url = "https://files.pythonhosted.org/packages/c2/60/77d7b839e317ead7bb225d55bb50f7ea75f47afc489c81199befc5435b50/orjson-3.11.5-cp314-cp314-macosx_10_15_x86_64.macosx_11_0_arm64.macosx_10_15_universal2.whl", hash = "sha256:e446a8ea0a4c366ceafc7d97067bfd55292969143b57e3c846d87fc701e797a0", size = 245252, upload-time = "2025-12-06T15:55:01.127Z" },
    { url = "https://files.pythonhosted.org/packages/f1/aa/d4639163b400f8044cef0fb9aa51b0337be0da3a27187a20d1166e742370/orjson-3.11.5-cp314-cp314-macosx_15_0_arm64.whl", hash = "sha256:53deb5addae9c22bbe3739298f5f2196afa881ea75944e7720681c7080909a81", size = 129419, upload-time = "2025-12-06T15:55:02.723Z" },
    { url = "https://files.pythonhosted.org/packages/30/94/9eabf94f2e11c671111139edf5ec410d2f21e6feee717804f7e8872d883f/orjson-3.11.5-cp314-cp314-manylinux_2_17_aarch64.manylinux2014_aarch64.whl", hash = "sha256:82cd00d49d6063d2b8791da5d4f9d20539c5951f965e45ccf4e96d33505ce68f", size = 132050, upload-time = "2025-12-06T15:55:03.918Z" },
    { url = "https://files.pythonhosted.org/packages/3d/c8/ca10f5c5322f341ea9a9f1097e140be17a88f88d1cfdd29df522970d9744/orjson-3.11.5-cp314-cp314-manylinux_2_17_armv7l.manylinux2014_armv7l.whl", hash = "sha256:3fd15f9fc8c203aeceff4fda211157fad114dde66e92e24097b3647a08f4ee9e", size = 130370, upload-time = "2025-12-06T15:55:05.173Z" },
    { url = "https://files.pythonhosted.org/packages/25/d4/e96824476d361ee2edd5c6290ceb8d7edf88d81148a6ce172fc00278ca7f/orjson-3.11.5-cp314-cp314-manylinux_2_17_i686.manylinux2014_i686.whl", hash = "sha256:9df95000fbe6777bf9820ae82ab7578e8662051bb5f83d71a28992f539d2cda7", size = 136012, upload-time = "2025-12-06T15:55:06.402Z" },
    { url = "https://files.pythonhosted.org/packages/85/8e/9bc3423308c425c588903f2d103cfcfe2539e07a25d6522900645a6f257f/orjson-3.11.5-cp314-cp314-manylinux_2_17_ppc64le.manylinux2014_ppc64le.whl", hash = "sha256:92a8d676748fca47ade5bc3da7430ed7767afe51b2f8100e3cd65e151c0eaceb", size = 139809, upload-time = "2025-12-06T15:55:07.656Z" },
    { url = "https://files.pythonhosted.org/packages/e9/3c/b404e94e0b02a232b957c54643ce68d0268dacb67ac33ffdee24008c8b27/orjson-3.11.5-cp314-cp314-manylinux_2_17_s390x.manylinux2014_s390x.whl", hash = "sha256:aa0f513be38b40234c77975e68805506cad5d57b3dfd8fe3baa7f4f4051e15b4", size = 137332, upload-time = "2025-12-06T15:55:08.961Z" },
    { url = "https://files.pythonhosted.org/packages/51/30/cc2d69d5ce0ad9b84811cdf4a0cd5362ac27205a921da524ff42f26d65e0/orjson-3.11.5-cp314-cp314-manylinux_2_17_x86_64.manylinux2014_x86_64.whl", hash = "sha256:fa1863e75b92891f553b7922ce4ee10ed06db061e104f2b7815de80cdcb135ad", size = 138983, upload-time = "2025-12-06T15:55:10.595Z" },
    { url = "https://files.pythonhosted.org/packages/0e/87/de3223944a3e297d4707d2fe3b1ffb71437550e165eaf0ca8bbe43ccbcb1/orjson-3.11.5-cp314-cp314-musllinux_1_2_aarch64.whl", hash = "sha256:d4be86b58e9ea262617b8ca6251a2f0d63cc132a6da4b5fcc8e0a4128782c829", size = 141069, upload-time = "2025-12-06T15:55:11.832Z" },
    { url = "https://files.pythonhosted.org/packages/65/30/81d5087ae74be33bcae3ff2d80f5ccaa4a8fedc6d39bf65a427a95b8977f/orjson-3.11.5-cp314-cp314-musllinux_1_2_armv7l.whl", hash = "sha256:b923c1c13fa02084eb38c9c065afd860a5cff58026813319a06949c3af5732ac", size = 413491, upload-time = "2025-12-06T15:55:13.314Z" },
    { url = "https://files.pythonhosted.org/packages/d0/6f/f6058c21e2fc1efaf918986dbc2da5cd38044f1a2d4b7b91ad17c4acf786/orjson-3.11.5-cp314-cp314-musllinux_1_2_i686.whl", hash = "sha256:1b6bd351202b2cd987f35a13b5e16471cf4d952b42a73c391cc537974c43ef6d", size = 151375, upload-time = "2025-12-06T15:55:14.715Z" },
    { url = "https://files.pythonhosted.org/packages/54/92/c6921f17d45e110892899a7a563a925b2273d929959ce2ad89e2525b885b/orjson-3.11.5-cp314-cp314-musllinux_1_2_x86_64.whl", hash = "sha256:bb150d529637d541e6af06bbe3d02f5498d628b7f98267ff87647584293ab439", size = 141850, upload-time = "2025-12-06T15:55:15.94Z" },
    { url = "https://files.pythonhosted.org/packages/88/86/cdecb0140a05e1a477b81f24739da93b25070ee01ce7f7242f44a6437594/orjson-3.11.5-cp314-cp314-win32.whl", hash = "sha256:9cc1e55c884921434a84a0c3dd2699eb9f92e7b441d7f53f3941079ec6ce7499", size = 135278, upload-time = "2025-12-06T15:55:17.202Z" },
    { url = "https://files.pythonhosted.org/packages/e4/97/b638d69b1e947d24f6109216997e38922d54dcdcdb1b11c18d7efd2d3c59/orjson-3.11.5-cp314-cp314-win_amd64.whl", hash = "sha256:a4f3cb2d874e03bc7767c8f88adaa1a9a05cecea3712649c3b58589ec7317310", size = 133170, upload-time = "2025-12-06T15:55:18.468Z" },
    { url = "https://files.pythonhosted.org/packages/8f/dd/f4fff4a6fe601b4f8f3ba3aa6da8ac33d17d124491a3b804c662a70e1636/orjson-3.11.5-cp314-cp314-win_arm64.whl", hash = "sha256:38b22f476c351f9a1c43e5b07d8b5a02eb24a6ab8e75f700f7d479d4568346a5", size = 126713, upload-time = "2025-12-06T15:55:19.738Z" },
]

[[package]]
name = "postgres-load-test"
version = "0.1.0"
source = { virtual = "." }
dependencies = [
    { name = "click" },
    { name = "orjson" },
    { name = "psycopg", extra = ["binary"] },
    { name = "uuid6" },
]

[package.metadata]
requires-dist = [
    { name = "click", specifier = ">=8.0.0" },
    { name = "orjson", specifier = ">=3.9.0" },
    { name = "psycopg", extras = ["binary"], specifier = ">=3.1.0" },
    { name = "uuid6", specifier = ">=2024.1.12" },
]

[[package]]
name = "psycopg"
version = "3.3.2"
source = { registry = "https://pypi.org/simple" }
dependencies = [
    { name = "typing-extensions", marker = "python_full_version < '3.13'" },
    { name = "tzdata", marker = "sys_platform == 'win32'" },
]
sdist = { url = "https://files.pythonhosted.org/packages/e0/1a/7d9ef4fdc13ef7f15b934c393edc97a35c281bb7d3c3329fbfcbe915a7c2/psycopg-3.3.2.tar.gz", hash = "sha256:707a67975ee214d200511177a6a80e56e654754c9afca06a7194ea6bbfde9ca7", size = 165630, upload-time = "2025-12-06T17:34:53.899Z" }
wheels = [
    { url = "https://files.pythonhosted.org/packages/8c/51/2779ccdf9305981a06b21a6b27e8547c948d85c41c76ff434192784a4c93/psycopg-3.3.2-py3-none-any.whl", hash = "sha256:3e94bc5f4690247d734599af56e51bae8e0db8e4311ea413f801fef82b14a99b", size = 212774, upload-time = "2025-12-06T17:31:41.414Z" },
]

[package.optional-dependencies]
binary = [
    { name = "psycopg-binary", marker = "implementation_name != 'pypy'" },
]

[[package]]
name = "psycopg-binary"
version = "3.3.2"
source = { registry = "https://pypi.org/simple" }
wheels = [
    { url = "https://files.pythonhosted.org/packages/25/d7/edfb0d9e56081246fd88490f99b1bafebd3588480cca601a4de0c41a3e08/psycopg_binary-3.3.2-cp310-cp310-macosx_10_9_x86_64.whl", hash = "sha256:0768c5f32934bb52a5df098317eca9bdcf411de627c5dca2ee57662b64b54b41", size = 4597785, upload-time = "2025-12-06T17:31:44.867Z" },
    { url = "https://files.pythonhosted.org/packages/71/45/8458201d9573dd851263a05cefddd4bfd31e8b3c6434b3e38d62aea9f15a/psycopg_binary-3.3.2-cp310-cp310-macosx_11_0_arm64.whl", hash = "sha256:09b3014013f05cd89828640d3a1db5f829cc24ad8fa81b6e42b2c04685a0c9d4", size = 4664440, upload-time = "2025-12-06T17:31:49.1Z" },
    { url = "https://files.pythonhosted.org/packages/d1/33/484260d87456cfe88dc219c1919026f11949b9d1de8a6371ddbe027d4d60/psycopg_binary-3.3.2-cp310-cp310-manylinux2014_ppc64le.manylinux_2_17_ppc64le.whl", hash = "sha256:3789d452a9d17a841c7f4f97bbcba51a21f957ea35641a4c98507520e6b6a068", size = 5478355, upload-time = "2025-12-06T17:31:52.657Z" },
    { url = "https://files.pythonhosted.org/packages/34/b2/18c91630c30c83f534c2bfa75fb533293fc9c3ab31bb7f2bf1cd9579c53b/psycopg_binary-3.3.2-cp310-cp310-manylinux2014_x86_64.manylinux_2_17_x86_64.whl", hash = "sha256:44e89938d36acc4495735af70a886d206a5bfdc80258f95b69b52f68b2968d9e", size = 5152398, upload-time = "2025-12-06T17:31:56.092Z" },
    { url = "https://files.pythonhosted.org/packages/c0/14/7c705e1934107196d9dca2040cf34bce2ca26de62520e43073d2673052d4/psycopg_binary-3.3.2-cp310-cp310-manylinux_2_27_aarch64.manylinux_2_28_aarch64.whl", hash = "sha256:90ed9da805e52985b0202aed4f352842c907c6b4fc6c7c109c6e646c32e2f43b", size = 6748982, upload-time = "2025-12-06T17:32:00.611Z" },
    { url = "https://files.pythonhosted.org/packages/56/18/80197c47798926f79e563af02a71d1abecab88cf45ddf8dc960700598da7/psycopg_binary-3.3.2-cp310-cp310-manylinux_2_38_riscv64.manylinux_2_39_riscv64.whl", hash = "sha256:c3a9ccdfee4ae59cf9bf1822777e763bc097ed208f4901e21537fca1070e1391", size = 4991214, upload-time = "2025-12-06T17:32:03.897Z" },
    { url = "https://files.pythonhosted.org/packages/7e/2e/e88e2f678f5d1a968d87e57b30915061c1157e916b8aaa9b0b78bca95e25/psycopg_binary-3.3.2-cp310-cp310-musllinux_1_2_aarch64.whl", hash = "sha256:de9173f8cc0efd88ac2a89b3b6c287a9a0011cdc2f53b2a12c28d6fd55f9f81c", size = 4517421, upload-time = "2025-12-06T17:32:07.287Z" },
    { url = "https://files.pythonhosted.org/packages/80/9e/d56813b24370723bcd62bf73871aee4d5fca0536f3476c4c4d5b037e3c7f/psycopg_binary-3.3.2-cp310-cp310-musllinux_1_2_ppc64le.whl", hash = "sha256:0611f4822674f3269e507a307236efb62ae5a828fcfc923ac85fe22ca19fd7c8", size = 4206124, upload-time = "2025-12-06T17:32:10.374Z" },
    { url = "https://files.pythonhosted.org/packages/91/81/5a11a898969edf0ee43d0613a6dfd689a0aa12d418c69e148a8ff153fbc7/psycopg_binary-3.3.2-cp310-cp310-musllinux_1_2_riscv64.whl", hash = "sha256:522b79c7db547767ca923e441c19b97a2157f2f494272a119c854bba4804e186", size = 3937067, upload-time = "2025-12-06T17:32:13.852Z" },
    { url = "https://files.pythonhosted.org/packages/a1/33/a6180ff1e747a0395876d985e8e295c9d7cbe956a2d66f165e7c67cffe55/psycopg_binary-3.3.2-cp310-cp310-musllinux_1_2_x86_64.whl", hash = "sha256:1ea41c0229f3f5a3844ad0857a83a9f869aa7b840448fa0c200e6bcf85d33d19", size = 4243731, upload-time = "2025-12-06T17:32:16.803Z" },
    { url = "https://files.pythonhosted.org/packages/e9/5b/9c1b6fbc900d5b525946ed9a477865c5016a5306080c0557248bb04f1a5b/psycopg_binary-3.3.2-cp310-cp310-win_amd64.whl", hash = "sha256:8ea05b499278790a8fa0ff9854ab0de2542aca02d661ddff94e830df971ff640", size = 3546403, upload-time = "2025-12-06T17:32:19.621Z" },
    { url = "https://files.pythonhosted.org/packages/57/d9/49640360fc090d27afc4655021544aa71d5393ebae124ffa53a04474b493/psycopg_binary-3.3.2-cp311-cp311-macosx_10_9_x86_64.whl", hash = "sha256:94503b79f7da0b65c80d0dbb2f81dd78b300319ec2435d5e6dcf9622160bc2fa", size = 4597890, upload-time = "2025-12-06T17:32:23.087Z" },
    { url = "https://files.pythonhosted.org/packages/85/cf/99634bbccc8af0dd86df4bce705eea5540d06bb7f5ab3067446ae9ffdae4/psycopg_binary-3.3.2-cp311-cp311-macosx_11_0_arm64.whl", hash = "sha256:07a5f030e0902ec3e27d0506ceb01238c0aecbc73ecd7fa0ee55f86134600b5b", size = 4664396, upload-time = "2025-12-06T17:32:26.421Z" },
    { url = "https://files.pythonhosted.org/packages/40/db/6035dff6d5c6dfca3a4ab0d2ac62ede623646e327e9f99e21e0cf08976c6/psycopg_binary-3.3.2-cp311-cp311-manylinux2014_ppc64le.manylinux_2_17_ppc64le.whl", hash = "sha256:1e09d0d93d35c134704a2cb2b15f81ffc8174fd602f3e08f7b1a3d8896156cf0", size = 5478743, upload-time = "2025-12-06T17:32:29.901Z" },
    { url = "https://files.pythonhosted.org/packages/03/0f/fc06bbc8e87f09458d2ce04a59cd90565e54e8efca33e0802daee6d2b0e6/psycopg_binary-3.3.2-cp311-cp311-manylinux2014_x86_64.manylinux_2_17_x86_64.whl", hash = "sha256:649c1d33bedda431e0c1df646985fbbeb9274afa964e1aef4be053c0f23a2924", size = 5151820, upload-time = "2025-12-06T17:32:33.562Z" },
    { url = "https://files.pythonhosted.org/packages/86/ab/bcc0397c96a0ad29463e33ed03285826e0fabc43595c195f419d9291ee70/psycopg_binary-3.3.2-cp311-cp311-manylinux_2_27_aarch64.manylinux_2_28_aarch64.whl", hash = "sha256:c5774272f754605059521ff037a86e680342e3847498b0aa86b0f3560c70963c", size = 6747711, upload-time = "2025-12-06T17:32:38.074Z" },
    { url = "https://files.pythonhosted.org/packages/96/eb/7450bc75c31d5be5f7a6d02d26beef6989a4ca6f5efdec65eea6cf612d0e/psycopg_binary-3.3.2-cp311-cp311-manylinux_2_38_riscv64.manylinux_2_39_riscv64.whl", hash = "sha256:d391b70c9cc23f6e1142729772a011f364199d2c5ddc0d596f5f43316fbf982d", size = 4991626, upload-time = "2025-12-06T17:32:41.373Z" },
    { url = "https://files.pythonhosted.org/packages/dc/85/65f14453804c82a7fba31cd1a984b90349c0f327b809102c4b99115c0930/psycopg_binary-3.3.2-cp311-cp311-musllinux_1_2_aarch64.whl", hash = "sha256:f3f601f32244a677c7b029ec39412db2772ad04a28bc2cbb4b1f0931ed0ffad7", size = 4516760, upload-time = "2025-12-06T17:32:44.921Z" },
    { url = "https://files.pythonhosted.org/packages/24/8c/3105f00a91d73d9a443932f95156eae8159d5d9cb68a9d2cf512710d484f/psycopg_binary-3.3.2-cp311-cp311-musllinux_1_2_ppc64le.whl", hash = "sha256:0ae60e910531cfcc364a8f615a7941cac89efeb3f0fffe0c4824a6d11461eef7", size = 4204028, upload-time = "2025-12-06T17:32:48.355Z" },
    { url = "https://files.pythonhosted.org/packages/1e/dd/74f64a383342ef7c22d1eb2768ed86411c7f877ed2580cd33c17f436fe3c/psycopg_binary-3.3.2-cp311-cp311-musllinux_1_2_riscv64.whl", hash = "sha256:7c43a773dd1a481dbb2fe64576aa303d80f328cce0eae5e3e4894947c41d1da7", size = 3935780, upload-time = "2025-12-06T17:32:51.347Z" },
    { url = "https://files.pythonhosted.org/packages/85/30/f3f207d1c292949a26cdea6727c9c325b4ee41e04bf2736a4afbe45eb61f/psycopg_binary-3.3.2-cp311-cp311-musllinux_1_2_x86_64.whl", hash = "sha256:5a327327f1188b3fbecac41bf1973a60b86b2eb237db10dc945bd3dc97ec39e4", size = 4243239, upload-time = "2025-12-06T17:32:54.924Z" },
    { url = "https://files.pythonhosted.org/packages/b3/08/8f1b5d6231338bf7bc46f635c4d4965facec52e1c9a7952ca8a70cb57dc0/psycopg_binary-3.3.2-cp311-cp311-win_amd64.whl", hash = "sha256:136c43f185244893a527540307167f5d3ef4e08786508afe45d6f146228f5aa9", size = 3548102, upload-time = "2025-12-06T17:32:57.944Z" },
    { url = "https://files.pythonhosted.org/packages/4e/1e/8614b01c549dd7e385dacdcd83fe194f6b3acb255a53cc67154ee6bf00e7/psycopg_binary-3.3.2-cp312-cp312-macosx_10_13_x86_64.whl", hash = "sha256:a9387ab615f929e71ef0f4a8a51e986fa06236ccfa9f3ec98a88f60fbf230634", size = 4579832, upload-time = "2025-12-06T17:33:01.388Z" },
    { url = "https://files.pythonhosted.org/packages/26/97/0bb093570fae2f4454d42c1ae6000f15934391867402f680254e4a7def54/psycopg_binary-3.3.2-cp312-cp312-macosx_11_0_arm64.whl", hash = "sha256:3ff7489df5e06c12d1829544eaec64970fe27fe300f7cf04c8495fe682064688", size = 4658786, upload-time = "2025-12-06T17:33:05.022Z" },
    { url = "https://files.pythonhosted.org/packages/61/20/1d9383e3f2038826900a14137b0647d755f67551aab316e1021443105ed5/psycopg_binary-3.3.2-cp312-cp312-manylinux2014_ppc64le.manylinux_2_17_ppc64le.whl", hash = "sha256:9742580ecc8e1ac45164e98d32ca6df90da509c2d3ff26be245d94c430f92db4", size = 5454896, upload-time = "2025-12-06T17:33:09.023Z" },
    { url = "https://files.pythonhosted.org/packages/a6/62/513c80ad8bbb545e364f7737bf2492d34a4c05eef4f7b5c16428dc42260d/psycopg_binary-3.3.2-cp312-cp312-manylinux2014_x86_64.manylinux_2_17_x86_64.whl", hash = "sha256:d45acedcaa58619355f18e0f42af542fcad3fd84ace4b8355d3a5dea23318578", size = 5132731, upload-time = "2025-12-06T17:33:12.519Z" },
    { url = "https://files.pythonhosted.org/packages/f3/28/ddf5f5905f088024bccb19857949467407c693389a14feb527d6171d8215/psycopg_binary-3.3.2-cp312-cp312-manylinux_2_27_aarch64.manylinux_2_28_aarch64.whl", hash = "sha256:d88f32ff8c47cb7f4e7e7a9d1747dcee6f3baa19ed9afa9e5694fd2fb32b61ed", size = 6724495, upload-time = "2025-12-06T17:33:16.624Z" },
    { url = "https://files.pythonhosted.org/packages/6e/93/a1157ebcc650960b264542b547f7914d87a42ff0cc15a7584b29d5807e6b/psycopg_binary-3.3.2-cp312-cp312-manylinux_2_38_riscv64.manylinux_2_39_riscv64.whl", hash = "sha256:59d0163c4617a2c577cb34afbed93d7a45b8c8364e54b2bd2020ff25d5f5f860", size = 4964979, upload-time = "2025-12-06T17:33:20.179Z" },
    { url = "https://files.pythonhosted.org/packages/0e/27/65939ba6798f9c5be4a5d9cd2061ebaf0851798525c6811d347821c8132d/psycopg_binary-3.3.2-cp312-cp312-musllinux_1_2_aarch64.whl", hash = "sha256:e750afe74e6c17b2c7046d2c3e3173b5a3f6080084671c8aa327215323df155b", size = 4493648, upload-time = "2025-12-06T17:33:23.464Z" },
    { url = "https://files.pythonhosted.org/packages/8a/c4/5e9e4b9b1c1e27026e43387b0ba4aaf3537c7806465dd3f1d5bde631752a/psycopg_binary-3.3.2-cp312-cp312-musllinux_1_2_ppc64le.whl", hash = "sha256:f26f113013c4dcfbfe9ced57b5bad2035dda1a7349f64bf726021968f9bccad3", size = 4173392, upload-time = "2025-12-06T17:33:26.88Z" },
    { url = "https://files.pythonhosted.org/packages/c6/81/cf43fb76993190cee9af1cbcfe28afb47b1928bdf45a252001017e5af26e/psycopg_binary-3.3.2-cp312-cp312-musllinux_1_2_riscv64.whl", hash = "sha256:8309ee4569dced5e81df5aa2dcd48c7340c8dee603a66430f042dfbd2878edca", size = 3909241, upload-time = "2025-12-06T17:33:30.092Z" },
    { url = "https://files.pythonhosted.org/packages/9d/20/c6377a0d17434674351627489deca493ea0b137c522b99c81d3a106372c8/psycopg_binary-3.3.2-cp312-cp312-musllinux_1_2_x86_64.whl", hash = "sha256:c6464150e25b68ae3cb04c4e57496ea11ebfaae4d98126aea2f4702dd43e3c12", size = 4219746, upload-time = "2025-12-06T17:33:33.097Z" },
    { url = "https://files.pythonhosted.org/packages/25/32/716c57b28eefe02a57a4c9d5bf956849597f5ea476c7010397199e56cfde/psycopg_binary-3.3.2-cp312-cp312-win_amd64.whl", hash = "sha256:716a586f99bbe4f710dc58b40069fcb33c7627e95cc6fc936f73c9235e07f9cf", size = 3537494, upload-time = "2025-12-06T17:33:35.82Z" },
    { url = "https://files.pythonhosted.org/packages/14/73/7ca7cb22b9ac7393fb5de7d28ca97e8347c375c8498b3bff2c99c1f38038/psycopg_binary-3.3.2-cp313-cp313-macosx_10_13_x86_64.whl", hash = "sha256:fc5a189e89cbfff174588665bb18d28d2d0428366cc9dae5864afcaa2e57380b", size = 4579068, upload-time = "2025-12-06T17:33:39.303Z" },
    { url = "https://files.pythonhosted.org/packages/f5/42/0cf38ff6c62c792fc5b55398a853a77663210ebd51ed6f0c4a05b06f95a6/psycopg_binary-3.3.2-cp313-cp313-macosx_11_0_arm64.whl", hash = "sha256:083c2e182be433f290dc2c516fd72b9b47054fcd305cce791e0a50d9e93e06f2", size = 4657520, upload-time = "2025-12-06T17:33:42.536Z" },
    { url = "https://files.pythonhosted.org/packages/3b/60/df846bc84cbf2231e01b0fff48b09841fe486fa177665e50f4995b1bfa44/psycopg_binary-3.3.2-cp313-cp313-manylinux2014_ppc64le.manylinux_2_17_ppc64le.whl", hash = "sha256:ac230e3643d1c436a2dfb59ca84357dfc6862c9f372fc5dbd96bafecae581f9f", size = 5452086, upload-time = "2025-12-06T17:33:46.54Z" },
    { url = "https://files.pythonhosted.org/packages/ab/85/30c846a00db86b1b53fd5bfd4b4edfbd0c00de8f2c75dd105610bd7568fc/psycopg_binary-3.3.2-cp313-cp313-manylinux2014_x86_64.manylinux_2_17_x86_64.whl", hash = "sha256:d8c899a540f6c7585cee53cddc929dd4d2db90fd828e37f5d4017b63acbc1a5d", size = 5131125, upload-time = "2025-12-06T17:33:50.413Z" },
    { url = "https://files.pythonhosted.org/packages/6d/15/9968732013373f36f8a2a3fb76104dffc8efd9db78709caa5ae1a87b1f80/psycopg_binary-3.3.2-cp313-cp313-manylinux_2_27_aarch64.manylinux_2_28_aarch64.whl", hash = "sha256:50ff10ab8c0abdb5a5451b9315538865b50ba64c907742a1385fdf5f5772b73e", size = 6722914, upload-time = "2025-12-06T17:33:54.544Z" },
    { url = "https://files.pythonhosted.org/packages/b2/ba/29e361fe02143ac5ff5a1ca3e45697344cfbebe2eaf8c4e7eec164bff9a0/psycopg_binary-3.3.2-cp313-cp313-manylinux_2_38_riscv64.manylinux_2_39_riscv64.whl", hash = "sha256:23d2594af848c1fd3d874a9364bef50730124e72df7bb145a20cb45e728c50ed", size = 4966081, upload-time = "2025-12-06T17:33:58.477Z" },
    { url = "https://files.pythonhosted.org/packages/99/45/1be90c8f1a1a237046903e91202fb06708745c179f220b361d6333ed7641/psycopg_binary-3.3.2-cp313-cp313-musllinux_1_2_aarch64.whl", hash = "sha256:ea4fe6b4ead3bbbe27244ea224fcd1f53cb119afc38b71a2f3ce570149a03e30", size = 4493332, upload-time = "2025-12-06T17:34:02.011Z" },
    { url = "https://files.pythonhosted.org/packages/2e/b5/bbdc07d5f0a5e90c617abd624368182aa131485e18038b2c6c85fc054aed/psycopg_binary-3.3.2-cp313-cp313-musllinux_1_2_ppc64le.whl", hash = "sha256:742ce48cde825b8e52fb1a658253d6d1ff66d152081cbc76aa45e2986534858d", size = 4170781, upload-time = "2025-12-06T17:34:05.298Z" },
    { url = "https://files.pythonhosted.org/packages/d1/2a/0d45e4f4da2bd78c3237ffa03475ef3751f69a81919c54a6e610eb1a7c96/psycopg_binary-3.3.2-cp313-cp313-musllinux_1_2_riscv64.whl", hash = "sha256:e22bf6b54df994aff37ab52695d635f1ef73155e781eee1f5fa75bc08b58c8da", size = 3910544, upload-time = "2025-12-06T17:34:08.251Z" },
    { url = "https://files.pythonhosted.org/packages/3a/62/a8e0f092f4dbef9a94b032fb71e214cf0a375010692fbe7493a766339e47/psycopg_binary-3.3.2-cp313-cp313-musllinux_1_2_x86_64.whl", hash = "sha256:8db9034cde3bcdafc66980f0130813f5c5d19e74b3f2a19fb3cfbc25ad113121", size = 4220070, upload-time = "2025-12-06T17:34:11.392Z" },
    { url = "https://files.pythonhosted.org/packages/09/e6/5fc8d8aff8afa114bb4a94a0341b9309311e8bf3ab32d816032f8b984d4e/psycopg_binary-3.3.2-cp313-cp313-win_amd64.whl", hash = "sha256:df65174c7cf6b05ea273ce955927d3270b3a6e27b0b12762b009ce6082b8d3fc", size = 3540922, upload-time = "2025-12-06T17:34:14.88Z" },
    { url = "https://files.pythonhosted.org/packages/bd/75/ad18c0b97b852aba286d06befb398cc6d383e9dfd0a518369af275a5a526/psycopg_binary-3.3.2-cp314-cp314-macosx_10_15_x86_64.whl", hash = "sha256:9ca24062cd9b2270e4d77576042e9cc2b1d543f09da5aba1f1a3d016cea28390", size = 4596371, upload-time = "2025-12-06T17:34:18.007Z" },
    { url = "https://files.pythonhosted.org/packages/5a/79/91649d94c8d89f84af5da7c9d474bfba35b08eb8f492ca3422b08f0a6427/psycopg_binary-3.3.2-cp314-cp314-macosx_11_0_arm64.whl", hash = "sha256:c749770da0947bc972e512f35366dd4950c0e34afad89e60b9787a37e97cb443", size = 4675139, upload-time = "2025-12-06T17:34:21.374Z" },
    { url = "https://files.pythonhosted.org/packages/56/ac/b26e004880f054549ec9396594e1ffe435810b0673e428e619ed722e4244/psycopg_binary-3.3.2-cp314-cp314-manylinux2014_ppc64le.manylinux_2_17_ppc64le.whl", hash = "sha256:03b7cd73fb8c45d272a34ae7249713e32492891492681e3cf11dff9531cf37e9", size = 5456120, upload-time = "2025-12-06T17:34:25.102Z" },
    { url = "https://files.pythonhosted.org/packages/4b/8d/410681dccd6f2999fb115cc248521ec50dd2b0aba66ae8de7e81efdebbee/psycopg_binary-3.3.2-cp314-cp314-manylinux2014_x86_64.manylinux_2_17_x86_64.whl", hash = "sha256:43b130e3b6edcb5ee856c7167ccb8561b473308c870ed83978ae478613764f1c", size = 5133484, upload-time = "2025-12-06T17:34:28.933Z" },
    { url = "https://files.pythonhosted.org/packages/66/30/ebbab99ea2cfa099d7b11b742ce13415d44f800555bfa4ad2911dc645b71/psycopg_binary-3.3.2-cp314-cp314-manylinux_2_27_aarch64.manylinux_2_28_aarch64.whl", hash = "sha256:7c1feba5a8c617922321aef945865334e468337b8fc5c73074f5e63143013b5a", size = 6731818, upload-time = "2025-12-06T17:34:33.094Z" },
    { url = "https://files.pythonhosted.org/packages/70/02/d260646253b7ad805d60e0de47f9b811d6544078452579466a098598b6f4/psycopg_binary-3.3.2-cp314-cp314-manylinux_2_38_riscv64.manylinux_2_39_riscv64.whl", hash = "sha256:cabb2a554d9a0a6bf84037d86ca91782f087dfff2a61298d0b00c19c0bc43f6d", size = 4983859, upload-time = "2025-12-06T17:34:36.457Z" },
    { url = "https://files.pythonhosted.org/packages/72/8d/e778d7bad1a7910aa36281f092bd85c5702f508fd9bb0ea2020ffbb6585c/psycopg_binary-3.3.2-cp314-cp314-musllinux_1_2_aarch64.whl", hash = "sha256:74bc306c4b4df35b09bc8cecf806b271e1c5d708f7900145e4e54a2e5dedfed0", size = 4516388, upload-time = "2025-12-06T17:34:40.129Z" },
    { url = "https://files.pythonhosted.org/packages/bd/f1/64e82098722e2ab3521797584caf515284be09c1e08a872551b6edbb0074/psycopg_binary-3.3.2-cp314-cp314-musllinux_1_2_ppc64le.whl", hash = "sha256:d79b0093f0fbf7a962d6a46ae292dc056c65d16a8ee9361f3cfbafd4c197ab14", size = 4192382, upload-time = "2025-12-06T17:34:43.279Z" },
    { url = "https://files.pythonhosted.org/packages/fa/d0/c20f4e668e89494972e551c31be2a0016e3f50d552d7ae9ac07086407599/psycopg_binary-3.3.2-cp314-cp314-musllinux_1_2_riscv64.whl", hash = "sha256:1586e220be05547c77afc326741dd41cc7fba38a81f9931f616ae98865439678", size = 3928660, upload-time = "2025-12-06T17:34:46.757Z" },
    { url = "https://files.pythonhosted.org/packages/0f/e1/99746c171de22539fd5eb1c9ca21dc805b54cfae502d7451d237d1dbc349/psycopg_binary-3.3.2-cp314-cp314-musllinux_1_2_x86_64.whl", hash = "sha256:458696a5fa5dad5b6fb5d5862c22454434ce4fe1cf66ca6c0de5f904cbc1ae3e", size = 4239169, upload-time = "2025-12-06T17:34:49.751Z" },
    { url = "https://files.pythonhosted.org/packages/72/f7/212343c1c9cfac35fd943c527af85e9091d633176e2a407a0797856ff7b9/psycopg_binary-3.3.2-cp314-cp314-win_amd64.whl", hash = "sha256:04bb2de4ba69d6f8395b446ede795e8884c040ec71d01dd07ac2b2d18d4153d1", size = 3642122, upload-time = "2025-12-06T17:34:52.506Z" },
]

[[package]]
name = "typing-extensions"
version = "4.15.0"
source = { registry = "https://pypi.org/simple" }
sdist = { url = "https://files.pythonhosted.org/packages/72/94/1a15dd82efb362ac84269196e94cf00f187f7ed21c242792a923cdb1c61f/typing_extensions-4.15.0.tar.gz", hash = "sha256:0cea48d173cc12fa28ecabc3b837ea3cf6f38c6d1136f85cbaaf598984861466", size = 109391, upload-time = "2025-08-25T13:49:26.313Z" }
wheels = [
    { url = "https://files.pythonhosted.org/packages/18/67/36e9267722cc04a6b9f15c7f3441c2363321a3ea07da7ae0c0707beb2a9c/typing_extensions-4.15.0-py3-none-any.whl", hash = "sha256:f0fa19c6845758ab08074a0cfa8b7aecb71c999ca73d62883bc25cc018c4e548", size = 44614, upload-time = "2025-08-25T13:49:24.86Z" },
]

[[package]]
name = "tzdata"
version = "2025.3"
source = { registry = "https://pypi.org/simple" }
sdist = { url = "https://files.pythonhosted.org/packages/5e/a7/c202b344c5ca7daf398f3b8a477eeb205cf3b6f32e7ec3a6bac0629ca975/tzdata-2025.3.tar.gz", hash = "sha256:de39c2ca5dc7b0344f2eba86f49d614019d29f060fc4ebc8a417896a620b56a7", size = 196772, upload-time = "2025-12-13T17:45:35.667Z" }
wheels = [
    { url = "https://files.pythonhosted.org/packages/c7/b0/003792df09decd6849a5e39c28b513c06e84436a54440380862b5aeff25d/tzdata-2025.3-py2.py3-none-any.whl", hash = "sha256:06a47e5700f3081aab02b2e513160914ff0694bce9947d6b76ebd6bf57cfc5d1", size = 348521, upload-time = "2025-12-13T17:45:33.889Z" },
]

[[package]]
name = "uuid6"
version = "2025.0.1"
source = { registry = "https://pypi.org/simple" }
sdist = { url = "https://files.pythonhosted.org/packages/ca/b7/4c0f736ca824b3a25b15e8213d1bcfc15f8ac2ae48d1b445b310892dc4da/uuid6-2025.0.1.tar.gz", hash = "sha256:cd0af94fa428675a44e32c5319ec5a3485225ba2179eefcf4c3f205ae30a81bd", size = 13932, upload-time = "2025-07-04T18:30:35.186Z" }
wheels = [
    { url = "https://files.pythonhosted.org/packages/3d/b2/93faaab7962e2aa8d6e174afb6f76be2ca0ce89fde14d3af835acebcaa59/uuid6-2025.0.1-py3-none-any.whl", hash = "sha256:80530ce4d02a93cdf82e7122ca0da3ebbbc269790ec1cb902481fa3e9cc9ff99", size = 6979, upload-time = "2025-07-04T18:30:34.001Z" },
]
